
Microsoft Visual Studio Solution File, Format Version 12.00
# Visual Studio Version 17
VisualStudioVersion = 17.0.31903.59
MinimumVisualStudioVersion = 10.0.40219.1
Project("{2150E333-8FDC-42A3-9474-1A3956D46DE8}") = "EventManagement", "EventManagement", "{B95BAEF7-5702-58EF-9C92-1638CCAE73C5}"
EndProject
Project("{2150E333-8FDC-42A3-9474-1A3956D46DE8}") = "src", "src", "{3B56A04B-4682-5A47-53F1-B0C019123193}"
EndProject
Project("{FAE04EC0-301F-11D3-BF4B-00C04F79EFBC}") = "EventManagement.API", "EventManagement\src\EventManagement.API\EventManagement.API.csproj", "{63A23BC9-5C11-456E-B788-0B27C62116B5}"
EndProject
Project("{FAE04EC0-301F-11D3-BF4B-00C04F79EFBC}") = "EventManagement.UI", "EventManagement\src\EventManagement.UI\EventManagement.UI.csproj", "{E70065DC-64C5-4778-8E47-A9E541FA3918}"
EndProject
Project("{FAE04EC0-301F-11D3-BF4B-00C04F79EFBC}") = "EventManagement.Application", "EventManagement\src\EventManagement.Application\EventManagement.Application.csproj", "{A80BE822-3581-4E09-B8FD-3D8E0C472DC9}"
EndProject
Project("{FAE04EC0-301F-11D3-BF4B-00C04F79EFBC}") = "EventManagement.Domain", "EventManagement\src\EventManagement.Domain\EventManagement.Domain.csproj", "{7238388E-3127-461C-B8B1-E5DB991A01E3}"
EndProject
Project("{FAE04EC0-301F-11D3-BF4B-00C04F79EFBC}") = "EventManagement.Infrastructure", "EventManagement\src\EventManagement.Infrastructure\EventManagement.Infrastructure.csproj", "{1A9F6D93-5478-43CE-B0D4-811A99120845}"
EndProject
Project("{2150E333-8FDC-42A3-9474-1A3956D46DE8}") = "test", "test", "{1F41AF74-C5A5-F66B-D1D7-B0C8B4B40C99}"
EndProject
Project("{FAE04EC0-301F-11D3-BF4B-00C04F79EFBC}") = "EventManagement.Tests", "EventManagement\test\EventManagement.Tests\EventManagement.Tests.csproj", "{C40CE874-B6CF-4560-B1A6-6A1A1E9D0FA3}"
EndProject
Project("{2150E333-8FDC-42A3-9474-1A3956D46DE8}") = "GoRestUserAdmin", "GoRestUserAdmin", "{55C9E2CF-E176-3609-04E9-D32C5E78A588}"
EndProject
Project("{2150E333-8FDC-42A3-9474-1A3956D46DE8}") = "src", "src", "{CB98B50D-8C4C-D549-66B9-8C3F8DCA08AE}"
EndProject
Project("{FAE04EC0-301F-11D3-BF4B-00C04F79EFBC}") = "GoRestUserAdmin.UI", "GoRestUserAdmin\src\GoRestUserAdmin.UI\GoRestUserAdmin.UI.csproj", "{723FB002-95DB-4BFD-9E02-BAA143413538}"
EndProject
Project("{2150E333-8FDC-42A3-9474-1A3956D46DE8}") = "test", "test", "{8E6EC1CF-4DE5-20DA-466D-824E57D175C1}"
EndProject
Project("{FAE04EC0-301F-11D3-BF4B-00C04F79EFBC}") = "GoRestUserAdmin.Tests", "GoRestUserAdmin\test\GoRestUserAdmin.Tests\GoRestUserAdmin.Tests.csproj", "{656A4A60-643C-442F-AA8D-97716819687A}"
EndProject
Global
	GlobalSection(SolutionConfigurationPlatforms) = preSolution
		Debug|Any CPU = Debug|Any CPU
		Debug|x64 = Debug|x64
		Debug|x86 = Debug|x86
		Release|Any CPU = Release|Any CPU
		Release|x64 = Release|x64
		Release|x86 = Release|x86
	EndGlobalSection
	GlobalSection(ProjectConfigurationPlatforms) = postSolution
		{63A23BC9-5C11-456E-B788-0B27C62116B5}.Debug|Any CPU.ActiveCfg = Debug|Any CPU
		{63A23BC9-5C11-456E-B788-0B27C62116B5}.Debug|Any CPU.Build.0 = Debug|Any CPU
		{63A23BC9-5C11-456E-B788-0B27C62116B5}.Debug|x64.ActiveCfg = Debug|Any CPU
		{63A23BC9-5C11-456E-B788-0B27C62116B5}.Debug|x64.Build.0 = Debug|Any CPU
		{63A23BC9-5C11-456E-B788-0B27C62116B5}.Debug|x86.ActiveCfg = Debug|Any CPU
		{63A23BC9-5C11-456E-B788-0B27C62116B5}.Debug|x86.Build.0 = Debug|Any CPU
		{63A23BC9-5C11-456E-B788-0B27C62116B5}.Release|Any CPU.ActiveCfg = Release|Any CPU
		{63A23BC9-5C11-456E-B788-0B27C62116B5}.Release|Any CPU.Build.0 = Release|Any CPU
		{63A23BC9-5C11-456E-B788-0B27C62116B5}.Release|x64.ActiveCfg = Release|Any CPU
		{63A23BC9-5C11-456E-B788-0B27C62116B5}.Release|x64.Build.0 = Release|Any CPU
		{63A23BC9-5C11-456E-B788-0B27C62116B5}.Release|x86.ActiveCfg = Release|Any CPU
		{63A23BC9-5C11-456E-B788-0B27C62116B5}.Release|x86.Build.0 = Release|Any CPU
		{E70065DC-64C5-4778-8E47-A9E541FA3918}.Debug|Any CPU.ActiveCfg = Debug|Any CPU
		{E70065DC-64C5-4778-8E47-A9E541FA3918}.Debug|Any CPU.Build.0 = Debug|Any CPU
		{E70065DC-64C5-4778-8E47-A9E541FA3918}.Debug|x64.ActiveCfg = Debug|Any CPU
		{E70065DC-64C5-4778-8E47-A9E541FA3918}.Debug|x64.Build.0 = Debug|Any CPU
		{E70065DC-64C5-4778-8E47-A9E541FA3918}.Debug|x86.ActiveCfg = Debug|Any CPU
		{E70065DC-64C5-4778-8E47-A9E541FA3918}.Debug|x86.Build.0 = Debug|Any CPU
		{E70065DC-64C5-4778-8E47-A9E541FA3918}.Release|Any CPU.ActiveCfg = Release|Any CPU
		{E70065DC-64C5-4778-8E47-A9E541FA3918}.Release|Any CPU.Build.0 = Release|Any CPU
		{E70065DC-64C5-4778-8E47-A9E541FA3918}.Release|x64.ActiveCfg = Release|Any CPU
		{E70065DC-64C5-4778-8E47-A9E541FA3918}.Release|x64.Build.0 = Release|Any CPU
		{E70065DC-64C5-4778-8E47-A9E541FA3918}.Release|x86.ActiveCfg = Release|Any CPU
		{E70065DC-64C5-4778-8E47-A9E541FA3918}.Release|x86.Build.0 = Release|Any CPU
		{A80BE822-3581-4E09-B8FD-3D8E0C472DC9}.Debug|Any CPU.ActiveCfg = Debug|Any CPU
		{A80BE822-3581-4E09-B8FD-3D8E0C472DC9}.Debug|Any CPU.Build.0 = Debug|Any CPU
		{A80BE822-3581-4E09-B8FD-3D8E0C472DC9}.Debug|x64.ActiveCfg = Debug|Any CPU
		{A80BE822-3581-4E09-B8FD-3D8E0C472DC9}.Debug|x64.Build.0 = Debug|Any CPU
		{A80BE822-3581-4E09-B8FD-3D8E0C472DC9}.Debug|x86.ActiveCfg = Debug|Any CPU
		{A80BE822-3581-4E09-B8FD-3D8E0C472DC9}.Debug|x86.Build.0 = Debug|Any CPU
		{A80BE822-3581-4E09-B8FD-3D8E0C472DC9}.Release|Any CPU.ActiveCfg = Release|Any CPU
		{A80BE822-3581-4E09-B8FD-3D8E0C472DC9}.Release|Any CPU.Build.0 = Release|Any CPU
		{A80BE822-3581-4E09-B8FD-3D8E0C472DC9}.Release|x64.ActiveCfg = Release|Any CPU
		{A80BE822-3581-4E09-B8FD-3D8E0C472DC9}.Release|x64.Build.0 = Release|Any CPU
		{A80BE822-3581-4E09-B8FD-3D8E0C472DC9}.Release|x86.ActiveCfg = Release|Any CPU
		{A80BE822-3581-4E09-B8FD-3D8E0C472DC9}.Release|x86.Build.0 = Release|Any CPU
		{7238388E-3127-461C-B8B1-E5DB991A01E3}.Debug|Any CPU.ActiveCfg = Debug|Any CPU
		{7238388E-3127-461C-B8B1-E5DB991A01E3}.Debug|Any CPU.Build.0 = Debug|Any CPU
		{7238388E-3127-461C-B8B1-E5DB991A01E3}.Debug|x64.ActiveCfg = Debug|Any CPU
		{7238388E-3127-461C-B8B1-E5DB991A01E3}.Debug|x64.Build.0 = Debug|Any CPU
		{7238388E-3127-461C-B8B1-E5DB991A01E3}.Debug|x86.ActiveCfg = Debug|Any CPU
		{7238388E-3127-461C-B8B1-E5DB991A01E3}.Debug|x86.Build.0 = Debug|Any CPU
		{7238388E-3127-461C-B8B1-E5DB991A01E3}.Release|Any CPU.ActiveCfg = Release|Any CPU
		{7238388E-3127-461C-B8B1-E5DB991A01E3}.Release|Any CPU.Build.0 = Release|Any CPU
		{7238388E-3127-461C-B8B1-E5DB991A01E3}.Release|x64.ActiveCfg = Release|Any CPU
		{7238388E-3127-461C-B8B1-E5DB991A01E3}.Release|x64.Build.0 = Release|Any CPU
		{7238388E-3127-461C-B8B1-E5DB991A01E3}.Release|x86.ActiveCfg = Release|Any CPU
		{7238388E-3127-461C-B8B1-E5DB991A01E3}.Release|x86.Build.0 = Release|Any CPU
		{1A9F6D93-5478-43CE-B0D4-811A99120845}.Debug|Any CPU.ActiveCfg = Debug|Any CPU
		{1A9F6D93-5478-43CE-B0D4-811A99120845}.Debug|Any CPU.Build.0 = Debug|Any CPU
		{1A9F6D93-5478-43CE-B0D4-811A99120845}.Debug|x64.ActiveCfg = Debug|Any CPU
		{1A9F6D93-5478-43CE-B0D4-811A99120845}.Debug|x64.Build.0 = Debug|Any CPU
		{1A9F6D93-5478-43CE-B0D4-811A99120845}.Debug|x86.ActiveCfg = Debug|Any CPU
		{1A9F6D93-5478-43CE-B0D4-811A99120845}.Debug|x86.Build.0 = Debug|Any CPU
		{1A9F6D93-5478-43CE-B0D4-811A99120845}.Release|Any CPU.ActiveCfg = Release|Any CPU
		{1A9F6D93-5478-43CE-B0D4-811A99120845}.Release|Any CPU.Build.0 = Release|Any CPU
		{1A9F6D93-5478-43CE-B0D4-811A99120845}.Release|x64.ActiveCfg = Release|Any CPU
		{1A9F6D93-5478-43CE-B0D4-811A99120845}.Release|x64.Build.0 = Release|Any CPU
		{1A9F6D93-5478-43CE-B0D4-811A99120845}.Release|x86.ActiveCfg = Release|Any CPU
		{1A9F6D93-5478-43CE-B0D4-811A99120845}.Release|x86.Build.0 = Release|Any CPU
		{C40CE874-B6CF-4560-B1A6-6A1A1E9D0FA3}.Debug|Any CPU.ActiveCfg = Debug|Any CPU
		{C40CE874-B6CF-4560-B1A6-6A1A1E9D0FA3}.Debug|Any CPU.Build.0 = Debug|Any CPU
		{C40CE874-B6CF-4560-B1A6-6A1A1E9D0FA3}.Debug|x64.ActiveCfg = Debug|Any CPU
		{C40CE874-B6CF-4560-B1A6-6A1A1E9D0FA3}.Debug|x64.Build.0 = Debug|Any CPU
		{C40CE874-B6CF-4560-B1A6-6A1A1E9D0FA3}.Debug|x86.ActiveCfg = Debug|Any CPU
		{C40CE874-B6CF-4560-B1A6-6A1A1E9D0FA3}.Debug|x86.Build.0 = Debug|Any CPU
		{C40CE874-B6CF-4560-B1A6-6A1A1E9D0FA3}.Release|Any CPU.ActiveCfg = Release|Any CPU
		{C40CE874-B6CF-4560-B1A6-6A1A1E9D0FA3}.Release|Any CPU.Build.0 = Release|Any CPU
		{C40CE874-B6CF-4560-B1A6-6A1A1E9D0FA3}.Release|x64.ActiveCfg = Release|Any CPU
		{C40CE874-B6CF-4560-B1A6-6A1A1E9D0FA3}.Release|x64.Build.0 = Release|Any CPU
		{C40CE874-B6CF-4560-B1A6-6A1A1E9D0FA3}.Release|x86.ActiveCfg = Release|Any CPU
		{C40CE874-B6CF-4560-B1A6-6A1A1E9D0FA3}.Release|x86.Build.0 = Release|Any CPU
		{723FB002-95DB-4BFD-9E02-BAA143413538}.Debug|Any CPU.ActiveCfg = Debug|Any CPU
		{723FB002-95DB-4BFD-9E02-BAA143413538}.Debug|Any CPU.Build.0 = Debug|Any CPU
		{723FB002-95DB-4BFD-9E02-BAA143413538}.Debug|x64.ActiveCfg = Debug|Any CPU
		{723FB002-95DB-4BFD-9E02-BAA143413538}.Debug|x64.Build.0 = Debug|Any CPU
		{723FB002-95DB-4BFD-9E02-BAA143413538}.Debug|x86.ActiveCfg = Debug|Any CPU
		{723FB002-95DB-4BFD-9E02-BAA143413538}.Debug|x86.Build.0 = Debug|Any CPU
		{723FB002-95DB-4BFD-9E02-BAA143413538}.Release|Any CPU.ActiveCfg = Release|Any CPU
		{723FB002-95DB-4BFD-9E02-BAA143413538}.Release|Any CPU.Build.0 = Release|Any CPU
		{723FB002-95DB-4BFD-9E02-BAA143413538}.Release|x64.ActiveCfg = Release|Any CPU
		{723FB002-95DB-4BFD-9E02-BAA143413538}.Release|x64.Build.0 = Release|Any CPU
		{723FB002-95DB-4BFD-9E02-BAA143413538}.Release|x86.ActiveCfg = Release|Any CPU
		{723FB002-95DB-4BFD-9E02-BAA143413538}.Release|x86.Build.0 = Release|Any CPU
		{656A4A60-643C-442F-AA8D-97716819687A}.Debug|Any CPU.ActiveCfg = Debug|Any CPU
		{656A4A60-643C-442F-AA8D-97716819687A}.Debug|Any CPU.Build.0 = Debug|Any CPU
		{656A4A60-643C-442F-AA8D-97716819687A}.Debug|x64.ActiveCfg = Debug|Any CPU
		{656A4A60-643C-442F-AA8D-97716819687A}.Debug|x64.Build.0 = Debug|Any CPU
		{656A4A60-643C-442F-AA8D-97716819687A}.Debug|x86.ActiveCfg = Debug|Any CPU
		{656A4A60-643C-442F-AA8D-97716819687A}.Debug|x86.Build.0 = Debug|Any CPU
		{656A4A60-643C-442F-AA8D-97716819687A}.Release|Any CPU.ActiveCfg = Release|Any CPU
		{656A4A60-643C-442F-AA8D-97716819687A}.Release|Any CPU.Build.0 = Release|Any CPU
		{656A4A60-643C-442F-AA8D-97716819687A}.Release|x64.ActiveCfg = Release|Any CPU
		{656A4A60-643C-442F-AA8D-97716819687A}.Release|x64.Build.0 = Release|Any CPU
		{656A4A60-643C-442F-AA8D-97716819687A}.Release|x86.ActiveCfg = Release|Any CPU
		{656A4A60-643C-442F-AA8D-97716819687A}.Release|x86.Build.0 = Release|Any CPU
	EndGlobalSection
	GlobalSection(SolutionProperties) = preSolution
		HideSolutionNode = FALSE
	EndGlobalSection
	GlobalSection(NestedProjects) = preSolution
		{3B56A04B-4682-5A47-53F1-B0C019123193} = {B95BAEF7-5702-58EF-9C92-1638CCAE73C5}
		{63A23BC9-5C11-456E-B788-0B27C62116B5} = {3B56A04B-4682-5A47-53F1-B0C019123193}
		{E70065DC-64C5-4778-8E47-A9E541FA3918} = {3B56A04B-4682-5A47-53F1-B0C019123193}
		{A80BE822-3581-4E09-B8FD-3D8E0C472DC9} = {3B56A04B-4682-5A47-53F1-B0C019123193}
		{7238388E-3127-461C-B8B1-E5DB991A01E3} = {3B56A04B-4682-5A47-53F1-B0C019123193}
		{1A9F6D93-5478-43CE-B0D4-811A99120845} = {3B56A04B-4682-5A47-53F1-B0C019123193}
		{1F41AF74-C5A5-F66B-D1D7-B0C8B4B40C99} = {B95BAEF7-5702-58EF-9C92-1638CCAE73C5}
		{C40CE874-B6CF-4560-B1A6-6A1A1E9D0FA3} = {1F41AF74-C5A5-F66B-D1D7-B0C8B4B40C99}
		{CB98B50D-8C4C-D549-66B9-8C3F8DCA08AE} = {55C9E2CF-E176-3609-04E9-D32C5E78A588}
		{723FB002-95DB-4BFD-9E02-BAA143413538} = {CB98B50D-8C4C-D549-66B9-8C3F8DCA08AE}
		{8E6EC1CF-4DE5-20DA-466D-824E57D175C1} = {55C9E2CF-E176-3609-04E9-D32C5E78A588}
		{656A4A60-643C-442F-AA8D-97716819687A} = {8E6EC1CF-4DE5-20DA-466D-824E57D175C1}
	EndGlobalSection
	GlobalSection(ExtensibilityGlobals) = postSolution
		SolutionGuid = {FCC31AD3-A693-487D-AEDC-6C240EA3FE88}
	EndGlobalSection
EndGlobal
